// !$*UTF8*$!
{
	archiveVersion = 1;
	classes = {
	};
	objectVersion = 46;
	objects = {

/* Begin PBXBuildFile section */
		CEFC78E619FA7852001573B6 /* main.m in Sources */ = {isa = PBXBuildFile; fileRef = CEFC78E519FA7852001573B6 /* main.m */; };
		CEFC78E919FA7852001573B6 /* AppDelegate.m in Sources */ = {isa = PBXBuildFile; fileRef = CEFC78E819FA7852001573B6 /* AppDelegate.m */; };
		CEFC78EC19FA7852001573B6 /* ViewController.m in Sources */ = {isa = PBXBuildFile; fileRef = CEFC78EB19FA7852001573B6 /* ViewController.m */; };
		CEFC78EF19FA7852001573B6 /* Main.storyboard in Resources */ = {isa = PBXBuildFile; fileRef = CEFC78ED19FA7852001573B6 /* Main.storyboard */; };
		CEFC78F119FA7852001573B6 /* Images.xcassets in Resources */ = {isa = PBXBuildFile; fileRef = CEFC78F019FA7852001573B6 /* Images.xcassets */; };
		CEFC78F419FA7852001573B6 /* LaunchScreen.xib in Resources */ = {isa = PBXBuildFile; fileRef = CEFC78F219FA7852001573B6 /* LaunchScreen.xib */; };
		CEFC790019FA7852001573B6 /* cidade_aumentadaTests.m in Sources */ = {isa = PBXBuildFile; fileRef = CEFC78FF19FA7852001573B6 /* cidade_aumentadaTests.m */; };
		CEFC791319FA78AA001573B6 /* CoreGraphics.framework in Frameworks */ = {isa = PBXBuildFile; fileRef = CEFC790C19FA78AA001573B6 /* CoreGraphics.framework */; };
		CEFC791419FA78AA001573B6 /* CoreImage.framework in Frameworks */ = {isa = PBXBuildFile; fileRef = CEFC790D19FA78AA001573B6 /* CoreImage.framework */; };
		CEFC791519FA78AA001573B6 /* CoreLocation.framework in Frameworks */ = {isa = PBXBuildFile; fileRef = CEFC790E19FA78AA001573B6 /* CoreLocation.framework */; };
		CEFC791619FA78AA001573B6 /* CoreMedia.framework in Frameworks */ = {isa = PBXBuildFile; fileRef = CEFC790F19FA78AA001573B6 /* CoreMedia.framework */; };
		CEFC791819FA78C4001573B6 /* Security.framework in Frameworks */ = {isa = PBXBuildFile; fileRef = CEFC791719FA78C4001573B6 /* Security.framework */; };
		CEFC791A19FA78E2001573B6 /* EventKit.framework in Frameworks */ = {isa = PBXBuildFile; fileRef = CEFC791919FA78E2001573B6 /* EventKit.framework */; };
		CEFC791C19FA78EA001573B6 /* CFNetwork.framework in Frameworks */ = {isa = PBXBuildFile; fileRef = CEFC791B19FA78EA001573B6 /* CFNetwork.framework */; };
		CEFC791E19FA78F6001573B6 /* MediaPlayer.framework in Frameworks */ = {isa = PBXBuildFile; fileRef = CEFC791D19FA78F6001573B6 /* MediaPlayer.framework */; };
		CEFC792019FA7903001573B6 /* AVFoundation.framework in Frameworks */ = {isa = PBXBuildFile; fileRef = CEFC791F19FA7903001573B6 /* AVFoundation.framework */; };
		CEFC792219FA790D001573B6 /* CoreVideo.framework in Frameworks */ = {isa = PBXBuildFile; fileRef = CEFC792119FA790D001573B6 /* CoreVideo.framework */; };
		CEFC792419FA7917001573B6 /* QuartzCore.framework in Frameworks */ = {isa = PBXBuildFile; fileRef = CEFC792319FA7917001573B6 /* QuartzCore.framework */; };
		CEFC792619FA7921001573B6 /* AudioToolbox.framework in Frameworks */ = {isa = PBXBuildFile; fileRef = CEFC792519FA7921001573B6 /* AudioToolbox.framework */; };
		CEFC792819FA792E001573B6 /* OpenGLES.framework in Frameworks */ = {isa = PBXBuildFile; fileRef = CEFC792719FA792E001573B6 /* OpenGLES.framework */; };
		CEFC792A19FA7937001573B6 /* CoreMotion.framework in Frameworks */ = {isa = PBXBuildFile; fileRef = CEFC792919FA7937001573B6 /* CoreMotion.framework */; };
		CEFC792C19FA7943001573B6 /* libxml2.2.dylib in Frameworks */ = {isa = PBXBuildFile; fileRef = CEFC792B19FA7943001573B6 /* libxml2.2.dylib */; };
		CEFC792E19FA7957001573B6 /* libz.dylib in Frameworks */ = {isa = PBXBuildFile; fileRef = CEFC792D19FA7957001573B6 /* libz.dylib */; };
		CEFC793019FA795F001573B6 /* UIKit.framework in Frameworks */ = {isa = PBXBuildFile; fileRef = CEFC792F19FA795F001573B6 /* UIKit.framework */; };
		CEFC793219FA7968001573B6 /* Foundation.framework in Frameworks */ = {isa = PBXBuildFile; fileRef = CEFC793119FA7968001573B6 /* Foundation.framework */; };
/* End PBXBuildFile section */

/* Begin PBXContainerItemProxy section */
		CEFC78FA19FA7852001573B6 /* PBXContainerItemProxy */ = {
			isa = PBXContainerItemProxy;
			containerPortal = CEFC78D819FA7852001573B6 /* Project object */;
			proxyType = 1;
			remoteGlobalIDString = CEFC78DF19FA7852001573B6;
			remoteInfo = "cidade-aumentada";
		};
/* End PBXContainerItemProxy section */

/* Begin PBXFileReference section */
		CEFC78E019FA7852001573B6 /* cidade-aumentada.app */ = {isa = PBXFileReference; explicitFileType = wrapper.application; includeInIndex = 0; path = "cidade-aumentada.app"; sourceTree = BUILT_PRODUCTS_DIR; };
		CEFC78E419FA7852001573B6 /* Info.plist */ = {isa = PBXFileReference; lastKnownFileType = text.plist.xml; path = Info.plist; sourceTree = "<group>"; };
		CEFC78E519FA7852001573B6 /* main.m */ = {isa = PBXFileReference; lastKnownFileType = sourcecode.c.objc; path = main.m; sourceTree = "<group>"; };
		CEFC78E719FA7852001573B6 /* AppDelegate.h */ = {isa = PBXFileReference; lastKnownFileType = sourcecode.c.h; path = AppDelegate.h; sourceTree = "<group>"; };
		CEFC78E819FA7852001573B6 /* AppDelegate.m */ = {isa = PBXFileReference; lastKnownFileType = sourcecode.c.objc; path = AppDelegate.m; sourceTree = "<group>"; };
		CEFC78EA19FA7852001573B6 /* ViewController.h */ = {isa = PBXFileReference; lastKnownFileType = sourcecode.c.h; path = ViewController.h; sourceTree = "<group>"; };
		CEFC78EB19FA7852001573B6 /* ViewController.m */ = {isa = PBXFileReference; lastKnownFileType = sourcecode.c.objc; path = ViewController.m; sourceTree = "<group>"; };
		CEFC78EE19FA7852001573B6 /* Base */ = {isa = PBXFileReference; lastKnownFileType = file.storyboard; name = Base; path = Base.lproj/Main.storyboard; sourceTree = "<group>"; };
		CEFC78F019FA7852001573B6 /* Images.xcassets */ = {isa = PBXFileReference; lastKnownFileType = folder.assetcatalog; path = Images.xcassets; sourceTree = "<group>"; };
		CEFC78F319FA7852001573B6 /* Base */ = {isa = PBXFileReference; lastKnownFileType = file.xib; name = Base; path = Base.lproj/LaunchScreen.xib; sourceTree = "<group>"; };
		CEFC78F919FA7852001573B6 /* cidade-aumentadaTests.xctest */ = {isa = PBXFileReference; explicitFileType = wrapper.cfbundle; includeInIndex = 0; path = "cidade-aumentadaTests.xctest"; sourceTree = BUILT_PRODUCTS_DIR; };
		CEFC78FE19FA7852001573B6 /* Info.plist */ = {isa = PBXFileReference; lastKnownFileType = text.plist.xml; path = Info.plist; sourceTree = "<group>"; };
		CEFC78FF19FA7852001573B6 /* cidade_aumentadaTests.m */ = {isa = PBXFileReference; lastKnownFileType = sourcecode.c.objc; path = cidade_aumentadaTests.m; sourceTree = "<group>"; };
		CEFC790919FA78AA001573B6 /* CoreAudio.framework */ = {isa = PBXFileReference; lastKnownFileType = wrapper.framework; name = CoreAudio.framework; path = System/Library/Frameworks/CoreAudio.framework; sourceTree = SDKROOT; };
		CEFC790A19FA78AA001573B6 /* CoreAudioKit.framework */ = {isa = PBXFileReference; lastKnownFileType = wrapper.framework; name = CoreAudioKit.framework; path = System/Library/Frameworks/CoreAudioKit.framework; sourceTree = SDKROOT; };
		CEFC790B19FA78AA001573B6 /* CoreFoundation.framework */ = {isa = PBXFileReference; lastKnownFileType = wrapper.framework; name = CoreFoundation.framework; path = System/Library/Frameworks/CoreFoundation.framework; sourceTree = SDKROOT; };
		CEFC790C19FA78AA001573B6 /* CoreGraphics.framework */ = {isa = PBXFileReference; lastKnownFileType = wrapper.framework; name = CoreGraphics.framework; path = System/Library/Frameworks/CoreGraphics.framework; sourceTree = SDKROOT; };
		CEFC790D19FA78AA001573B6 /* CoreImage.framework */ = {isa = PBXFileReference; lastKnownFileType = wrapper.framework; name = CoreImage.framework; path = System/Library/Frameworks/CoreImage.framework; sourceTree = SDKROOT; };
		CEFC790E19FA78AA001573B6 /* CoreLocation.framework */ = {isa = PBXFileReference; lastKnownFileType = wrapper.framework; name = CoreLocation.framework; path = System/Library/Frameworks/CoreLocation.framework; sourceTree = SDKROOT; };
		CEFC790F19FA78AA001573B6 /* CoreMedia.framework */ = {isa = PBXFileReference; lastKnownFileType = wrapper.framework; name = CoreMedia.framework; path = System/Library/Frameworks/CoreMedia.framework; sourceTree = SDKROOT; };
		CEFC791719FA78C4001573B6 /* Security.framework */ = {isa = PBXFileReference; lastKnownFileType = wrapper.framework; name = Security.framework; path = System/Library/Frameworks/Security.framework; sourceTree = SDKROOT; };
		CEFC791919FA78E2001573B6 /* EventKit.framework */ = {isa = PBXFileReference; lastKnownFileType = wrapper.framework; name = EventKit.framework; path = System/Library/Frameworks/EventKit.framework; sourceTree = SDKROOT; };
		CEFC791B19FA78EA001573B6 /* CFNetwork.framework */ = {isa = PBXFileReference; lastKnownFileType = wrapper.framework; name = CFNetwork.framework; path = System/Library/Frameworks/CFNetwork.framework; sourceTree = SDKROOT; };
		CEFC791D19FA78F6001573B6 /* MediaPlayer.framework */ = {isa = PBXFileReference; lastKnownFileType = wrapper.framework; name = MediaPlayer.framework; path = System/Library/Frameworks/MediaPlayer.framework; sourceTree = SDKROOT; };
		CEFC791F19FA7903001573B6 /* AVFoundation.framework */ = {isa = PBXFileReference; lastKnownFileType = wrapper.framework; name = AVFoundation.framework; path = System/Library/Frameworks/AVFoundation.framework; sourceTree = SDKROOT; };
		CEFC792119FA790D001573B6 /* CoreVideo.framework */ = {isa = PBXFileReference; lastKnownFileType = wrapper.framework; name = CoreVideo.framework; path = System/Library/Frameworks/CoreVideo.framework; sourceTree = SDKROOT; };
		CEFC792319FA7917001573B6 /* QuartzCore.framework */ = {isa = PBXFileReference; lastKnownFileType = wrapper.framework; name = QuartzCore.framework; path = System/Library/Frameworks/QuartzCore.framework; sourceTree = SDKROOT; };
		CEFC792519FA7921001573B6 /* AudioToolbox.framework */ = {isa = PBXFileReference; lastKnownFileType = wrapper.framework; name = AudioToolbox.framework; path = System/Library/Frameworks/AudioToolbox.framework; sourceTree = SDKROOT; };
		CEFC792719FA792E001573B6 /* OpenGLES.framework */ = {isa = PBXFileReference; lastKnownFileType = wrapper.framework; name = OpenGLES.framework; path = System/Library/Frameworks/OpenGLES.framework; sourceTree = SDKROOT; };
		CEFC792919FA7937001573B6 /* CoreMotion.framework */ = {isa = PBXFileReference; lastKnownFileType = wrapper.framework; name = CoreMotion.framework; path = System/Library/Frameworks/CoreMotion.framework; sourceTree = SDKROOT; };
		CEFC792B19FA7943001573B6 /* libxml2.2.dylib */ = {isa = PBXFileReference; lastKnownFileType = "compiled.mach-o.dylib"; name = libxml2.2.dylib; path = usr/lib/libxml2.2.dylib; sourceTree = SDKROOT; };
		CEFC792D19FA7957001573B6 /* libz.dylib */ = {isa = PBXFileReference; lastKnownFileType = "compiled.mach-o.dylib"; name = libz.dylib; path = usr/lib/libz.dylib; sourceTree = SDKROOT; };
		CEFC792F19FA795F001573B6 /* UIKit.framework */ = {isa = PBXFileReference; lastKnownFileType = wrapper.framework; name = UIKit.framework; path = System/Library/Frameworks/UIKit.framework; sourceTree = SDKROOT; };
		CEFC793119FA7968001573B6 /* Foundation.framework */ = {isa = PBXFileReference; lastKnownFileType = wrapper.framework; name = Foundation.framework; path = System/Library/Frameworks/Foundation.framework; sourceTree = SDKROOT; };
/* End PBXFileReference section */

/* Begin PBXFrameworksBuildPhase section */
		CEFC78DD19FA7852001573B6 /* Frameworks */ = {
			isa = PBXFrameworksBuildPhase;
			buildActionMask = 2147483647;
			files = (
				CEFC791419FA78AA001573B6 /* CoreImage.framework in Frameworks */,
				CEFC791819FA78C4001573B6 /* Security.framework in Frameworks */,
				CEFC791A19FA78E2001573B6 /* EventKit.framework in Frameworks */,
				CEFC791C19FA78EA001573B6 /* CFNetwork.framework in Frameworks */,
				CEFC791E19FA78F6001573B6 /* MediaPlayer.framework in Frameworks */,
				CEFC792019FA7903001573B6 /* AVFoundation.framework in Frameworks */,
				CEFC791519FA78AA001573B6 /* CoreLocation.framework in Frameworks */,
				CEFC791619FA78AA001573B6 /* CoreMedia.framework in Frameworks */,
				CEFC792219FA790D001573B6 /* CoreVideo.framework in Frameworks */,
				CEFC792419FA7917001573B6 /* QuartzCore.framework in Frameworks */,
				CEFC792619FA7921001573B6 /* AudioToolbox.framework in Frameworks */,
				CEFC792819FA792E001573B6 /* OpenGLES.framework in Frameworks */,
				CEFC792A19FA7937001573B6 /* CoreMotion.framework in Frameworks */,
				CEFC792C19FA7943001573B6 /* libxml2.2.dylib in Frameworks */,
				CEFC792E19FA7957001573B6 /* libz.dylib in Frameworks */,
				CEFC793019FA795F001573B6 /* UIKit.framework in Frameworks */,
				CEFC793219FA7968001573B6 /* Foundation.framework in Frameworks */,
				CEFC791319FA78AA001573B6 /* CoreGraphics.framework in Frameworks */,
			);
			runOnlyForDeploymentPostprocessing = 0;
		};
		CEFC78F619FA7852001573B6 /* Frameworks */ = {
			isa = PBXFrameworksBuildPhase;
			buildActionMask = 2147483647;
			files = (
			);
			runOnlyForDeploymentPostprocessing = 0;
		};
/* End PBXFrameworksBuildPhase section */

/* Begin PBXGroup section */
		CEFC78D719FA7852001573B6 = {
			isa = PBXGroup;
			children = (
				CEFC793119FA7968001573B6 /* Foundation.framework */,
				CEFC792F19FA795F001573B6 /* UIKit.framework */,
				CEFC792D19FA7957001573B6 /* libz.dylib */,
				CEFC792B19FA7943001573B6 /* libxml2.2.dylib */,
				CEFC792919FA7937001573B6 /* CoreMotion.framework */,
				CEFC792719FA792E001573B6 /* OpenGLES.framework */,
				CEFC792519FA7921001573B6 /* AudioToolbox.framework */,
				CEFC792319FA7917001573B6 /* QuartzCore.framework */,
				CEFC792119FA790D001573B6 /* CoreVideo.framework */,
				CEFC791F19FA7903001573B6 /* AVFoundation.framework */,
				CEFC791D19FA78F6001573B6 /* MediaPlayer.framework */,
				CEFC791B19FA78EA001573B6 /* CFNetwork.framework */,
				CEFC791919FA78E2001573B6 /* EventKit.framework */,
				CEFC791719FA78C4001573B6 /* Security.framework */,
				CEFC790919FA78AA001573B6 /* CoreAudio.framework */,
				CEFC790A19FA78AA001573B6 /* CoreAudioKit.framework */,
				CEFC790B19FA78AA001573B6 /* CoreFoundation.framework */,
				CEFC790C19FA78AA001573B6 /* CoreGraphics.framework */,
				CEFC790D19FA78AA001573B6 /* CoreImage.framework */,
				CEFC790E19FA78AA001573B6 /* CoreLocation.framework */,
				CEFC790F19FA78AA001573B6 /* CoreMedia.framework */,
				CEFC78E219FA7852001573B6 /* cidade-aumentada */,
				CEFC78FC19FA7852001573B6 /* cidade-aumentadaTests */,
				CEFC78E119FA7852001573B6 /* Products */,
			);
			sourceTree = "<group>";
		};
		CEFC78E119FA7852001573B6 /* Products */ = {
			isa = PBXGroup;
			children = (
				CEFC78E019FA7852001573B6 /* cidade-aumentada.app */,
				CEFC78F919FA7852001573B6 /* cidade-aumentadaTests.xctest */,
			);
			name = Products;
			sourceTree = "<group>";
		};
		CEFC78E219FA7852001573B6 /* cidade-aumentada */ = {
			isa = PBXGroup;
			children = (
				CEFC78E719FA7852001573B6 /* AppDelegate.h */,
				CEFC78E819FA7852001573B6 /* AppDelegate.m */,
				CEFC78EA19FA7852001573B6 /* ViewController.h */,
				CEFC78EB19FA7852001573B6 /* ViewController.m */,
				CEFC78ED19FA7852001573B6 /* Main.storyboard */,
				CEFC78F019FA7852001573B6 /* Images.xcassets */,
				CEFC78F219FA7852001573B6 /* LaunchScreen.xib */,
				CEFC78E319FA7852001573B6 /* Supporting Files */,
			);
			path = "cidade-aumentada";
			sourceTree = "<group>";
		};
		CEFC78E319FA7852001573B6 /* Supporting Files */ = {
			isa = PBXGroup;
			children = (
				CEFC78E419FA7852001573B6 /* Info.plist */,
				CEFC78E519FA7852001573B6 /* main.m */,
			);
			name = "Supporting Files";
			sourceTree = "<group>";
		};
		CEFC78FC19FA7852001573B6 /* cidade-aumentadaTests */ = {
			isa = PBXGroup;
			children = (
				CEFC78FF19FA7852001573B6 /* cidade_aumentadaTests.m */,
				CEFC78FD19FA7852001573B6 /* Supporting Files */,
			);
			path = "cidade-aumentadaTests";
			sourceTree = "<group>";
		};
		CEFC78FD19FA7852001573B6 /* Supporting Files */ = {
			isa = PBXGroup;
			children = (
				CEFC78FE19FA7852001573B6 /* Info.plist */,
			);
			name = "Supporting Files";
			sourceTree = "<group>";
		};
/* End PBXGroup section */

/* Begin PBXNativeTarget section */
		CEFC78DF19FA7852001573B6 /* cidade-aumentada */ = {
			isa = PBXNativeTarget;
			buildConfigurationList = CEFC790319FA7852001573B6 /* Build configuration list for PBXNativeTarget "cidade-aumentada" */;
			buildPhases = (
				CEFC78DC19FA7852001573B6 /* Sources */,
				CEFC78DD19FA7852001573B6 /* Frameworks */,
				CEFC78DE19FA7852001573B6 /* Resources */,
			);
			buildRules = (
			);
			dependencies = (
			);
			name = "cidade-aumentada";
			productName = "cidade-aumentada";
			productReference = CEFC78E019FA7852001573B6 /* cidade-aumentada.app */;
			productType = "com.apple.product-type.application";
		};
		CEFC78F819FA7852001573B6 /* cidade-aumentadaTests */ = {
			isa = PBXNativeTarget;
			buildConfigurationList = CEFC790619FA7852001573B6 /* Build configuration list for PBXNativeTarget "cidade-aumentadaTests" */;
			buildPhases = (
				CEFC78F519FA7852001573B6 /* Sources */,
				CEFC78F619FA7852001573B6 /* Frameworks */,
				CEFC78F719FA7852001573B6 /* Resources */,
			);
			buildRules = (
			);
			dependencies = (
				CEFC78FB19FA7852001573B6 /* PBXTargetDependency */,
			);
			name = "cidade-aumentadaTests";
			productName = "cidade-aumentadaTests";
			productReference = CEFC78F919FA7852001573B6 /* cidade-aumentadaTests.xctest */;
			productType = "com.apple.product-type.bundle.unit-test";
		};
/* End PBXNativeTarget section */

/* Begin PBXProject section */
		CEFC78D819FA7852001573B6 /* Project object */ = {
			isa = PBXProject;
			attributes = {
				LastUpgradeCheck = 0600;
				ORGANIZATIONNAME = InovaCidades;
				TargetAttributes = {
					CEFC78DF19FA7852001573B6 = {
						CreatedOnToolsVersion = 6.0.1;
					};
					CEFC78F819FA7852001573B6 = {
						CreatedOnToolsVersion = 6.0.1;
						TestTargetID = CEFC78DF19FA7852001573B6;
					};
				};
			};
			buildConfigurationList = CEFC78DB19FA7852001573B6 /* Build configuration list for PBXProject "cidade-aumentada" */;
			compatibilityVersion = "Xcode 3.2";
			developmentRegion = English;
			hasScannedForEncodings = 0;
			knownRegions = (
				en,
				Base,
			);
			mainGroup = CEFC78D719FA7852001573B6;
			productRefGroup = CEFC78E119FA7852001573B6 /* Products */;
			projectDirPath = "";
			projectRoot = "";
			targets = (
				CEFC78DF19FA7852001573B6 /* cidade-aumentada */,
				CEFC78F819FA7852001573B6 /* cidade-aumentadaTests */,
			);
		};
/* End PBXProject section */

/* Begin PBXResourcesBuildPhase section */
		CEFC78DE19FA7852001573B6 /* Resources */ = {
			isa = PBXResourcesBuildPhase;
			buildActionMask = 2147483647;
			files = (
				CEFC78EF19FA7852001573B6 /* Main.storyboard in Resources */,
				CEFC78F419FA7852001573B6 /* LaunchScreen.xib in Resources */,
				CEFC78F119FA7852001573B6 /* Images.xcassets in Resources */,
			);
			runOnlyForDeploymentPostprocessing = 0;
		};
		CEFC78F719FA7852001573B6 /* Resources */ = {
			isa = PBXResourcesBuildPhase;
			buildActionMask = 2147483647;
			files = (
			);
			runOnlyForDeploymentPostprocessing = 0;
		};
/* End PBXResourcesBuildPhase section */

/* Begin PBXSourcesBuildPhase section */
		CEFC78DC19FA7852001573B6 /* Sources */ = {
			isa = PBXSourcesBuildPhase;
			buildActionMask = 2147483647;
			files = (
				CEFC78EC19FA7852001573B6 /* ViewController.m in Sources */,
				CEFC78E919FA7852001573B6 /* AppDelegate.m in Sources */,
				CEFC78E619FA7852001573B6 /* main.m in Sources */,
			);
			runOnlyForDeploymentPostprocessing = 0;
		};
		CEFC78F519FA7852001573B6 /* Sources */ = {
			isa = PBXSourcesBuildPhase;
			buildActionMask = 2147483647;
			files = (
				CEFC790019FA7852001573B6 /* cidade_aumentadaTests.m in Sources */,
			);
			runOnlyForDeploymentPostprocessing = 0;
		};
/* End PBXSourcesBuildPhase section */

/* Begin PBXTargetDependency section */
		CEFC78FB19FA7852001573B6 /* PBXTargetDependency */ = {
			isa = PBXTargetDependency;
			target = CEFC78DF19FA7852001573B6 /* cidade-aumentada */;
			targetProxy = CEFC78FA19FA7852001573B6 /* PBXContainerItemProxy */;
		};
/* End PBXTargetDependency section */

/* Begin PBXVariantGroup section */
		CEFC78ED19FA7852001573B6 /* Main.storyboard */ = {
			isa = PBXVariantGroup;
			children = (
				CEFC78EE19FA7852001573B6 /* Base */,
			);
			name = Main.storyboard;
			sourceTree = "<group>";
		};
		CEFC78F219FA7852001573B6 /* LaunchScreen.xib */ = {
			isa = PBXVariantGroup;
			children = (
				CEFC78F319FA7852001573B6 /* Base */,
			);
			name = LaunchScreen.xib;
			sourceTree = "<group>";
		};
/* End PBXVariantGroup section */

/* Begin XCBuildConfiguration section */
		CEFC790119FA7852001573B6 /* Debug */ = {
			isa = XCBuildConfiguration;
			buildSettings = {
				ALWAYS_SEARCH_USER_PATHS = NO;
				CLANG_CXX_LANGUAGE_STANDARD = "gnu++0x";
				CLANG_CXX_LIBRARY = "libc++";
				CLANG_ENABLE_MODULES = YES;
				CLANG_ENABLE_OBJC_ARC = YES;
				CLANG_WARN_BOOL_CONVERSION = YES;
				CLANG_WARN_CONSTANT_CONVERSION = YES;
				CLANG_WARN_DIRECT_OBJC_ISA_USAGE = YES_ERROR;
				CLANG_WARN_EMPTY_BODY = YES;
				CLANG_WARN_ENUM_CONVERSION = YES;
				CLANG_WARN_INT_CONVERSION = YES;
				CLANG_WARN_OBJC_ROOT_CLASS = YES_ERROR;
				CLANG_WARN_UNREACHABLE_CODE = YES;
				CLANG_WARN__DUPLICATE_METHOD_MATCH = YES;
				"CODE_SIGN_IDENTITY[sdk=iphoneos*]" = "iPhone Developer";
				COPY_PHASE_STRIP = NO;
				ENABLE_STRICT_OBJC_MSGSEND = YES;
				GCC_C_LANGUAGE_STANDARD = gnu99;
				GCC_DYNAMIC_NO_PIC = NO;
				GCC_OPTIMIZATION_LEVEL = 0;
				GCC_PREPROCESSOR_DEFINITIONS = (
					"DEBUG=1",
					"$(inherited)",
				);
				GCC_SYMBOLS_PRIVATE_EXTERN = NO;
				GCC_WARN_64_TO_32_BIT_CONVERSION = YES;
				GCC_WARN_ABOUT_RETURN_TYPE = YES_ERROR;
				GCC_WARN_UNDECLARED_SELECTOR = YES;
				GCC_WARN_UNINITIALIZED_AUTOS = YES_AGGRESSIVE;
				GCC_WARN_UNUSED_FUNCTION = YES;
				GCC_WARN_UNUSED_VARIABLE = YES;
				IPHONEOS_DEPLOYMENT_TARGET = 8.0;
				MTL_ENABLE_DEBUG_INFO = YES;
				ONLY_ACTIVE_ARCH = YES;
				SDKROOT = iphoneos;
				TARGETED_DEVICE_FAMILY = "1,2";
			};
			name = Debug;
		};
		CEFC790219FA7852001573B6 /* Release */ = {
			isa = XCBuildConfiguration;
			buildSettings = {
				ALWAYS_SEARCH_USER_PATHS = NO;
				CLANG_CXX_LANGUAGE_STANDARD = "gnu++0x";
				CLANG_CXX_LIBRARY = "libc++";
				CLANG_ENABLE_MODULES = YES;
				CLANG_ENABLE_OBJC_ARC = YES;
				CLANG_WARN_BOOL_CONVERSION = YES;
				CLANG_WARN_CONSTANT_CONVERSION = YES;
				CLANG_WARN_DIRECT_OBJC_ISA_USAGE = YES_ERROR;
				CLANG_WARN_EMPTY_BODY = YES;
				CLANG_WARN_ENUM_CONVERSION = YES;
				CLANG_WARN_INT_CONVERSION = YES;
				CLANG_WARN_OBJC_ROOT_CLASS = YES_ERROR;
				CLANG_WARN_UNREACHABLE_CODE = YES;
				CLANG_WARN__DUPLICATE_METHOD_MATCH = YES;
				"CODE_SIGN_IDENTITY[sdk=iphoneos*]" = "iPhone Developer";
				COPY_PHASE_STRIP = YES;
				ENABLE_NS_ASSERTIONS = NO;
				ENABLE_STRICT_OBJC_MSGSEND = YES;
				GCC_C_LANGUAGE_STANDARD = gnu99;
				GCC_WARN_64_TO_32_BIT_CONVERSION = YES;
				GCC_WARN_ABOUT_RETURN_TYPE = YES_ERROR;
				GCC_WARN_UNDECLARED_SELECTOR = YES;
				GCC_WARN_UNINITIALIZED_AUTOS = YES_AGGRESSIVE;
				GCC_WARN_UNUSED_FUNCTION = YES;
				GCC_WARN_UNUSED_VARIABLE = YES;
				IPHONEOS_DEPLOYMENT_TARGET = 8.0;
				MTL_ENABLE_DEBUG_INFO = NO;
				SDKROOT = iphoneos;
				TARGETED_DEVICE_FAMILY = "1,2";
				VALIDATE_PRODUCT = YES;
			};
			name = Release;
		};
		CEFC790419FA7852001573B6 /* Debug */ = {
			isa = XCBuildConfiguration;
			buildSettings = {
				ASSETCATALOG_COMPILER_APPICON_NAME = AppIcon;
				INFOPLIST_FILE = "cidade-aumentada/Info.plist";
				LD_RUNPATH_SEARCH_PATHS = "$(inherited) @executable_path/Frameworks";
				PRODUCT_NAME = "$(TARGET_NAME)";
			};
			name = Debug;
		};
		CEFC790519FA7852001573B6 /* Release */ = {
			isa = XCBuildConfiguration;
			buildSettings = {
				ASSETCATALOG_COMPILER_APPICON_NAME = AppIcon;
				INFOPLIST_FILE = "cidade-aumentada/Info.plist";
				LD_RUNPATH_SEARCH_PATHS = "$(inherited) @executable_path/Frameworks";
				PRODUCT_NAME = "$(TARGET_NAME)";
			};
			name = Release;
		};
		CEFC790719FA7852001573B6 /* Debug */ = {
			isa = XCBuildConfiguration;
			buildSettings = {
				BUNDLE_LOADER = "$(TEST_HOST)";
				FRAMEWORK_SEARCH_PATHS = (
					"$(SDKROOT)/Developer/Library/Frameworks",
					"$(inherited)",
				);
				GCC_PREPROCESSOR_DEFINITIONS = (
					"DEBUG=1",
					"$(inherited)",
				);
				INFOPLIST_FILE = "cidade-aumentadaTests/Info.plist";
				LD_RUNPATH_SEARCH_PATHS = "$(inherited) @executable_path/Frameworks @loader_path/Frameworks";
				PRODUCT_NAME = "$(TARGET_NAME)";
				TEST_HOST = "$(BUILT_PRODUCTS_DIR)/cidade-aumentada.app/cidade-aumentada";
			};
			name = Debug;
		};
		CEFC790819FA7852001573B6 /* Release */ = {
			isa = XCBuildConfiguration;
			buildSettings = {
				BUNDLE_LOADER = "$(TEST_HOST)";
				FRAMEWORK_SEARCH_PATHS = (
					"$(SDKROOT)/Developer/Library/Frameworks",
					"$(inherited)",
				);
				INFOPLIST_FILE = "cidade-aumentadaTests/Info.plist";
				LD_RUNPATH_SEARCH_PATHS = "$(inherited) @executable_path/Frameworks @loader_path/Frameworks";
				PRODUCT_NAME = "$(TARGET_NAME)";
				TEST_HOST = "$(BUILT_PRODUCTS_DIR)/cidade-aumentada.app/cidade-aumentada";
			};
			name = Release;
		};
/* End XCBuildConfiguration section */

/* Begin XCConfigurationList section */
		CEFC78DB19FA7852001573B6 /* Build configuration list for PBXProject "cidade-aumentada" */ = {
			isa = XCConfigurationList;
			buildConfigurations = (
				CEFC790119FA7852001573B6 /* Debug */,
				CEFC790219FA7852001573B6 /* Release */,
			);
			defaultConfigurationIsVisible = 0;
			defaultConfigurationName = Release;
		};
		CEFC790319FA7852001573B6 /* Build configuration list for PBXNativeTarget "cidade-aumentada" */ = {
			isa = XCConfigurationList;
			buildConfigurations = (
				CEFC790419FA7852001573B6 /* Debug */,
				CEFC790519FA7852001573B6 /* Release */,
			);
			defaultConfigurationIsVisible = 0;
		};
		CEFC790619FA7852001573B6 /* Build configuration list for PBXNativeTarget "cidade-aumentadaTests" */ = {
			isa = XCConfigurationList;
			buildConfigurations = (
				CEFC790719FA7852001573B6 /* Debug */,
				CEFC790819FA7852001573B6 /* Release */,
			);
			defaultConfigurationIsVisible = 0;
		};
/* End XCConfigurationList section */
	};
	rootObject = CEFC78D819FA7852001573B6 /* Project object */;
}
